{
    "_meta": {
        "hash": {
            "sha256": "003fc70371817cc672f972590f8c36f01d9d0177cc019a334d8da8d8022f51c5"
        },
        "pipfile-spec": 6,
        "requires": {
            "python_version": "3.11"
        },
        "sources": [
            {
                "name": "pypi",
                "url": "https://pypi.org/simple",
                "verify_ssl": true
            }
        ]
    },
    "default": {
        "apscheduler": {
            "hashes": [
                "sha256:e6df071b27d9be898e486bc7940a7be50b4af2e9da7c08f0744a96d4bd4cef4a",
                "sha256:fb91e8a768632a4756a585f79ec834e0e27aad5860bac7eaa523d9ccefd87661"
            ],
            "index": "pypi",
            "version": "==3.10.4"
        },
        "pyaes": {
            "hashes": [
                "sha256:02c1b1405c38d3c370b085fb952dd8bea3fadcee6411ad99f312cc129c536d8f"
            ],
            "version": "==1.6.1"
        },
        "pyrogram": {
            "hashes": [
                "sha256:30202995758fcb6e0f91224704ab7fedefea454297724bd70a6a71a23748c16f",
                "sha256:32b62b3d93030b1080cbe45b88c0e8790cf4e2179cf3321ede810d48edf97bc7"
            ],
            "index": "pypi",
            "version": "==2.0.106"
        },
        "pysocks": {
            "hashes": [
                "sha256:08e69f092cc6dbe92a0fdd16eeb9b9ffbc13cadfe5ca4c7bd92ffb078b293299",
                "sha256:2725bd0a9925919b9b51739eea5f9e2bae91e83288108a9ad338b2e3a4435ee5",
                "sha256:3f8804571ebe159c380ac6de37643bb4685970655d3bba243530d6558b799aa0"
            ],
            "markers": "python_version >= '2.7' and python_version not in '3.0, 3.1, 3.2, 3.3'",
            "version": "==1.7.1"
        },
        "pytz": {
            "hashes": [
                "sha256:7b4fddbeb94a1eba4b557da24f19fdf9db575192544270a9101d8509f9f43d7b",
                "sha256:ce42d816b81b68506614c11e8937d3aa9e41007ceb50bfdcb0749b921bf646c7"
            ],
            "version": "==2023.3.post1"
        },
        "six": {
            "hashes": [
                "sha256:1e61c37477a1626458e36f7b1d82aa5c9b094fa4802892072e49de9c60c4c926",
                "sha256:8abb2f1d86890a2dfb989f9a77cfcfd3e47c2a354b01111771326f8aa26e0254"
            ],
            "markers": "python_version >= '2.7' and python_version not in '3.0, 3.1, 3.2, 3.3'",
            "version": "==1.16.0"
        },
        "sqlalchemy": {
            "hashes": [
                "sha256:0666031df46b9badba9bed00092a1ffa3aa063a5e68fa244acd9f08070e936d3",
                "sha256:0a8c6aa506893e25a04233bc721c6b6cf844bafd7250535abb56cb6cc1368884",
                "sha256:0e680527245895aba86afbd5bef6c316831c02aa988d1aad83c47ffe92655e74",
                "sha256:14aebfe28b99f24f8a4c1346c48bc3d63705b1f919a24c27471136d2f219f02d",
                "sha256:1e018aba8363adb0599e745af245306cb8c46b9ad0a6fc0a86745b6ff7d940fc",
                "sha256:227135ef1e48165f37590b8bfc44ed7ff4c074bf04dc8d6f8e7f1c14a94aa6ca",
                "sha256:31952bbc527d633b9479f5f81e8b9dfada00b91d6baba021a869095f1a97006d",
                "sha256:3e983fa42164577d073778d06d2cc5d020322425a509a08119bdcee70ad856bf",
                "sha256:42d0b0290a8fb0165ea2c2781ae66e95cca6e27a2fbe1016ff8db3112ac1e846",
                "sha256:42ede90148b73fe4ab4a089f3126b2cfae8cfefc955c8174d697bb46210c8306",
                "sha256:4895a63e2c271ffc7a81ea424b94060f7b3b03b4ea0cd58ab5bb676ed02f4221",
                "sha256:4af79c06825e2836de21439cb2a6ce22b2ca129bad74f359bddd173f39582bf5",
                "sha256:5f94aeb99f43729960638e7468d4688f6efccb837a858b34574e01143cf11f89",
                "sha256:616fe7bcff0a05098f64b4478b78ec2dfa03225c23734d83d6c169eb41a93e55",
                "sha256:62d9e964870ea5ade4bc870ac4004c456efe75fb50404c03c5fd61f8bc669a72",
                "sha256:638c2c0b6b4661a4fd264f6fb804eccd392745c5887f9317feb64bb7cb03b3ea",
                "sha256:63bfc3acc970776036f6d1d0e65faa7473be9f3135d37a463c5eba5efcdb24c8",
                "sha256:6463aa765cf02b9247e38b35853923edbf2f6fd1963df88706bc1d02410a5577",
                "sha256:64ac935a90bc479fee77f9463f298943b0e60005fe5de2aa654d9cdef46c54df",
                "sha256:683ef58ca8eea4747737a1c35c11372ffeb84578d3aab8f3e10b1d13d66f2bc4",
                "sha256:75eefe09e98043cff2fb8af9796e20747ae870c903dc61d41b0c2e55128f958d",
                "sha256:787af80107fb691934a01889ca8f82a44adedbf5ef3d6ad7d0f0b9ac557e0c34",
                "sha256:7c424983ab447dab126c39d3ce3be5bee95700783204a72549c3dceffe0fc8f4",
                "sha256:7e0dc9031baa46ad0dd5a269cb7a92a73284d1309228be1d5935dac8fb3cae24",
                "sha256:87a3d6b53c39cd173990de2f5f4b83431d534a74f0e2f88bd16eabb5667e65c6",
                "sha256:89a01238fcb9a8af118eaad3ffcc5dedaacbd429dc6fdc43fe430d3a941ff965",
                "sha256:9585b646ffb048c0250acc7dad92536591ffe35dba624bb8fd9b471e25212a35",
                "sha256:964971b52daab357d2c0875825e36584d58f536e920f2968df8d581054eada4b",
                "sha256:967c0b71156f793e6662dd839da54f884631755275ed71f1539c95bbada9aaab",
                "sha256:9ca922f305d67605668e93991aaf2c12239c78207bca3b891cd51a4515c72e22",
                "sha256:a86cb7063e2c9fb8e774f77fbf8475516d270a3e989da55fa05d08089d77f8c4",
                "sha256:aeb397de65a0a62f14c257f36a726945a7f7bb60253462e8602d9b97b5cbe204",
                "sha256:b41f5d65b54cdf4934ecede2f41b9c60c9f785620416e8e6c48349ab18643855",
                "sha256:bd45a5b6c68357578263d74daab6ff9439517f87da63442d244f9f23df56138d",
                "sha256:c14eba45983d2f48f7546bb32b47937ee2cafae353646295f0e99f35b14286ab",
                "sha256:c1bda93cbbe4aa2aa0aa8655c5aeda505cd219ff3e8da91d1d329e143e4aff69",
                "sha256:c4722f3bc3c1c2fcc3702dbe0016ba31148dd6efcd2a2fd33c1b4897c6a19693",
                "sha256:c80c38bd2ea35b97cbf7c21aeb129dcbebbf344ee01a7141016ab7b851464f8e",
                "sha256:cabafc7837b6cec61c0e1e5c6d14ef250b675fa9c3060ed8a7e38653bd732ff8",
                "sha256:cc1d21576f958c42d9aec68eba5c1a7d715e5fc07825a629015fe8e3b0657fb0",
                "sha256:d0f7fb0c7527c41fa6fcae2be537ac137f636a41b4c5a4c58914541e2f436b45",
                "sha256:d4041ad05b35f1f4da481f6b811b4af2f29e83af253bf37c3c4582b2c68934ab",
                "sha256:d5578e6863eeb998980c212a39106ea139bdc0b3f73291b96e27c929c90cd8e1",
                "sha256:e3b5036aa326dc2df50cba3c958e29b291a80f604b1afa4c8ce73e78e1c9f01d",
                "sha256:e599a51acf3cc4d31d1a0cf248d8f8d863b6386d2b6782c5074427ebb7803bda",
                "sha256:f3420d00d2cb42432c1d0e44540ae83185ccbbc67a6054dcc8ab5387add6620b",
                "sha256:f48ed89dd11c3c586f45e9eec1e437b355b3b6f6884ea4a4c3111a3358fd0c18",
                "sha256:f508ba8f89e0a5ecdfd3761f82dda2a3d7b678a626967608f4273e0dba8f07ac",
                "sha256:fd54601ef9cc455a0c61e5245f690c8a3ad67ddb03d3b91c361d076def0b4c60"
            ],
            "index": "pypi",
            "version": "==2.0.23"
        },
        "tgcrypto": {
            "hashes": [
                "sha256:0133936eac63cc9529b497d759b7d0ca21e491bb42481b40b603ee63bb8c10b7",
                "sha256:0d28aa317364a5c27317fe97a48267aa1c65c9aaf589909e97489ebe82a714e3",
                "sha256:10dd3870aecb1a783c6eafd3b164b2149dbc93a9ee13feb7e6f5c58f87c24cd0",
                "sha256:1283337ae75b02406dd700377b8b783e70033b548492517df6e6c4156b0ed69c",
                "sha256:1445217d22101946d38ee7d628cdb3de92db4eb130183a22030c07d7888f21b0",
                "sha256:1735437df0023a40e5fdd95e6b09ce806ec8f2cd2f8879023818840dfae60cab",
                "sha256:362ab28fc75e6b066e5bb15fb5296f75f4238d6c1cbcaaa1e5756cd5c168b74b",
                "sha256:36a570ecd12a428222b10ea8b5a8e0d83ea8750e4de1d5ea53d068b84341b450",
                "sha256:37c4b9be82716fbc6d2b123caef448eee28683888803db075d842327766f7624",
                "sha256:38fe25c0d79b41d7a89caba2a78dea0358e17ca73b033cefd16abed680685829",
                "sha256:39145103614c5e38fe938549742d355920f4a0778fa8259eb69c0c85ba4b1d28",
                "sha256:4507102377002966f35f2481830b7529e00c9bbff8c7d1e09634f984af801675",
                "sha256:45683659ec6475ee8ff60e12167ec19aacfd7527decafe446434fa1a7e6760a7",
                "sha256:457c657dd10ffb4bbbb007132a0f6a7bee5080176a98c51f285fedf636b624cb",
                "sha256:48da3674474839e5619e7430ff1f98aed9f55369f3cfaef7f65511852869572e",
                "sha256:4d70d5517d64ca952896b726d22c8a66594e6f6259ee2cb4fa134c02d0e8c3e0",
                "sha256:4d93686e6254eb0a32a0a60e849b41a867a2770b27b48f978fd391dce2b83aeb",
                "sha256:539bdc6b9239fb6a6b134591a998dc7f50d4dcc4fed861f80540682acc0c3802",
                "sha256:56e1ec34e75fa2e3dcf7f74f1017d8e16c1eb8a8e031eaaa06c57f836e0d3bcc",
                "sha256:59597cdb1c87eb1184088563d20b42a8f2e431e9334fed64926079044ad2a4af",
                "sha256:5d27d6c414eb4775022b05fdd571090bfd92854115e86184ac1832060fbaa510",
                "sha256:66c5b5bf701b5efc3e4c5d83439d767a3dd48f17a1d840eda6b4d1918844a8f9",
                "sha256:6e96b3a478fae977228c5750194c20a18cde402bbbea6593de424f84d4a8893b",
                "sha256:7070c6e063befb6d04eab46e8b1ffbee47a497971be11496d23837fc007e7685",
                "sha256:76fe0a3ad838dcf300ac88233cbffc2ad63478eb0ae9fa671694e184d88ec1cd",
                "sha256:7885a75db09ce8bdba42d2c332085bfe314f232541a729808c7507ffa261ff9a",
                "sha256:7b7fe81fad7c64479c83f31fc10e79fb20a114bca414e5e17f5e0c8b363153f8",
                "sha256:7dbf607d645c39a577a0f8571039d11ddd2dcdf9656465be75f9e0f540472444",
                "sha256:7f6537f6af3d80be67bd2625a0990ee88c6ae58d33bdb88d99591bd6e97ee7a0",
                "sha256:80e2414f1a95087d7e46fb54cb387df66424c4ec156fb1a8d8e1d4aa38eb65cf",
                "sha256:8723a16076e229ffdf537fdb5e638227d10f44ca43e6939db1eab524de6eaed7",
                "sha256:89d9c143a1fcdb2562a4aa887152abbe9253e1979d7bebef2b489148e0bbe086",
                "sha256:90b6337d3ae4348ed14f89dd2ebf7011fa63d67a48c8a98d955a1e392176c60a",
                "sha256:940974e19044dc65bcf7b9c5255173b896dff010142f3833047dc55d59cde21c",
                "sha256:9b0a088ff2e05b6bbe891da936f62b99bd85202b2b9f4f57f71a408490dd518c",
                "sha256:9bc2cac6fb9a12ef5b08f3dd500174fe374d89b660cce981f57e3138559cb682",
                "sha256:9d9f13586065a6d86d05c16409054033a84be208acee29b49f6f194e27b08642",
                "sha256:a1beec47d6af8b509af7cf266e30f7703208076076594714005b42d2c25225b3",
                "sha256:aa4bc1d11d4a90811c162abd45a5981f171679d1b5bd0322cd7ccd16447366a2",
                "sha256:ace308f5842a0d6c04fc1ae92cb4320b4b13bfc711031c1c18d9124697685ba0",
                "sha256:b49e982e5b156be821a5235bd9102c00dc506a58607e2c8bd50ac872724a951f",
                "sha256:b7e8402fe4023dc9666c0bc1b30fcf0d98a294e48d35f311a3eadfe105af04d4",
                "sha256:ba9e067fd9751b3bbd7c979210431000e44f70001d921237e9c4672bf30f07bc",
                "sha256:bb82e53f20ce5653573832f3c05fa525cc1769bdd685408b19f26d82d5e9001b",
                "sha256:bdebbd9cffd10c42a2f60886dcab0272ddd38330d0cf7ccf026230b826573f59",
                "sha256:c035bf8ef89846f67e77e82ea85c089b6ea30631b32e8ac1a6511b9be52ab065",
                "sha256:c133ddc95ae9c6cd6ad742c4b8c30191214db8dc724268bee59a339e22b2028b",
                "sha256:c1c8d974b8b2d7132364b6f0f6712b92bfe47ab9c5dcee25c70327ff68d22d95",
                "sha256:ca8814d6cc412775a43a021fce2d23e83a5336e9e9f38d0998d821cdf55c1d50",
                "sha256:cfa17a20206532c6d2442c9d7a7f6434120bd75896ad9a3e9b9277477afa084f",
                "sha256:d6b0c2dc84e632ce7b3d0b767cfe20967e557ad7d71ea5dbd7df2dd544323181",
                "sha256:eafad246fd9aa63ff709a6e8c905c24fd7520ef96e33a2c3e1ccdb4fb2b2f331",
                "sha256:ed53d0c4a5e6f75d4b1cab17535afe210cd3120fb88f44a8c4562d43c2a3bb16",
                "sha256:f245895c7d518342089d15b5dca3cee9ffa5a0f3534db9d5a930f6a27dff4adf",
                "sha256:f594e2680daf20dbac6bf56862f567ddc3cc8d6a19757ed07faa8320ff7acee4",
                "sha256:f7ec9f0a571fcc38fbee224943ed9918123f752ac19bae5c195d8322f5b20fab"
            ],
            "index": "pypi",
            "version": "==1.2.5"
        },
        "typing-extensions": {
            "hashes": [
                "sha256:8f92fc8806f9a6b641eaa5318da32b44d401efaac0f6678c9bc448ba3605faa0",
                "sha256:df8e4339e9cb77357558cbdbceca33c303714cf861d1eef15e1070055ae8b7ef"
            ],
            "markers": "python_version >= '3.8'",
            "version": "==4.8.0"
        },
        "tzlocal": {
            "hashes": [
                "sha256:49816ef2fe65ea8ac19d19aa7a1ae0551c834303d5014c6d5a62e4cbda8047b8",
                "sha256:8d399205578f1a9342816409cc1e46a93ebd5755e39ea2d85334bea911bf0e6e"
            ],
            "markers": "python_version >= '3.8'",
            "version": "==5.2"
        }
    },
    "develop": {
        "isort": {
            "hashes": [
                "sha256:8bef7dde241278824a6d83f44a544709b065191b95b6e50894bdc722fcba0504",
                "sha256:f84c2818376e66cf843d497486ea8fed8700b340f308f076c6fb1229dff318b6"
            ],
            "index": "pypi",
            "version": "==5.12.0"
        }
    }
}
